
Microsoft Visual Studio Solution File, Format Version 12.00
# Visual Studio Version 17
VisualStudioVersion = 17.11.35208.52
MinimumVisualStudioVersion = 10.0.40219.1
Project("{9A19103F-16F7-4668-BE54-9A1E7A4F7556}") = "SeniorLearn", "SeniorLearn\SeniorLearn.csproj", "{A0916143-DB2A-4403-9CE3-E4762A67DC14}"
EndProject
Project("{FAE04EC0-301F-11D3-BF4B-00C04F79EFBC}") = "SeniorLearn.Test", "SeniorLearn.Test\SeniorLearn.Test.csproj", "{7C1EA539-DD2A-48EA-AA2E-6453BC99C5F8}"
EndProject
Global
	GlobalSection(SolutionConfigurationPlatforms) = preSolution
		Debug|Any CPU = Debug|Any CPU
		Release|Any CPU = Release|Any CPU
	EndGlobalSection
	GlobalSection(ProjectConfigurationPlatforms) = postSolution
		{A0916143-DB2A-4403-9CE3-E4762A67DC14}.Debug|Any CPU.ActiveCfg = Debug|Any CPU
		{A0916143-DB2A-4403-9CE3-E4762A67DC14}.Debug|Any CPU.Build.0 = Debug|Any CPU
		{A0916143-DB2A-4403-9CE3-E4762A67DC14}.Release|Any CPU.ActiveCfg = Release|Any CPU
		{A0916143-DB2A-4403-9CE3-E4762A67DC14}.Release|Any CPU.Build.0 = Release|Any CPU
		{7C1EA539-DD2A-48EA-AA2E-6453BC99C5F8}.Debug|Any CPU.ActiveCfg = Debug|Any CPU
		{7C1EA539-DD2A-48EA-AA2E-6453BC99C5F8}.Debug|Any CPU.Build.0 = Debug|Any CPU
		{7C1EA539-DD2A-48EA-AA2E-6453BC99C5F8}.Release|Any CPU.ActiveCfg = Release|Any CPU
		{7C1EA539-DD2A-48EA-AA2E-6453BC99C5F8}.Release|Any CPU.Build.0 = Release|Any CPU
	EndGlobalSection
	GlobalSection(SolutionProperties) = preSolution
		HideSolutionNode = FALSE
	EndGlobalSection
	GlobalSection(ExtensibilityGlobals) = postSolution
		SolutionGuid = {567D12B6-06E0-4CA5-9535-F063206C0CF3}
	EndGlobalSection
EndGlobal
